
Microsoft Visual Studio Solution File, Format Version 12.00
# Visual Studio Version 17
VisualStudioVersion = 17.0.31903.59
MinimumVisualStudioVersion = 10.0.40219.1
Project("{2150E333-8FDC-42A3-9474-1A3956D46DE8}") = "src", "src", "{827E0CD3-B72D-47B6-A68D-7590B98EB39B}"
EndProject
Project("{FAE04EC0-301F-11D3-BF4B-00C04F79EFBC}") = "ShopDesk.Api", "src\ShopDesk.Api\ShopDesk.Api.csproj", "{1E2E42AD-071A-49AB-8F23-A6AA4503DC5D}"
EndProject
Project("{FAE04EC0-301F-11D3-BF4B-00C04F79EFBC}") = "ShopDesk.Api.Tests", "tests\ShopDesk.Api.Tests\ShopDesk.Api.Tests.csproj", "{F8327A03-9EFF-466C-A1FF-2ABF5C5EEB4B}"
EndProject
Global
	GlobalSection(SolutionConfigurationPlatforms) = preSolution
		Debug|Any CPU = Debug|Any CPU
		Debug|x64 = Debug|x64
		Debug|x86 = Debug|x86
		Release|Any CPU = Release|Any CPU
		Release|x64 = Release|x64
		Release|x86 = Release|x86
	EndGlobalSection
	GlobalSection(ProjectConfigurationPlatforms) = postSolution
		{1E2E42AD-071A-49AB-8F23-A6AA4503DC5D}.Debug|Any CPU.ActiveCfg = Debug|Any CPU
		{1E2E42AD-071A-49AB-8F23-A6AA4503DC5D}.Debug|Any CPU.Build.0 = Debug|Any CPU
		{1E2E42AD-071A-49AB-8F23-A6AA4503DC5D}.Debug|x64.ActiveCfg = Debug|Any CPU
		{1E2E42AD-071A-49AB-8F23-A6AA4503DC5D}.Debug|x64.Build.0 = Debug|Any CPU
		{1E2E42AD-071A-49AB-8F23-A6AA4503DC5D}.Debug|x86.ActiveCfg = Debug|Any CPU
		{1E2E42AD-071A-49AB-8F23-A6AA4503DC5D}.Debug|x86.Build.0 = Debug|Any CPU
		{1E2E42AD-071A-49AB-8F23-A6AA4503DC5D}.Release|Any CPU.ActiveCfg = Release|Any CPU
		{1E2E42AD-071A-49AB-8F23-A6AA4503DC5D}.Release|Any CPU.Build.0 = Release|Any CPU
		{1E2E42AD-071A-49AB-8F23-A6AA4503DC5D}.Release|x64.ActiveCfg = Release|Any CPU
		{1E2E42AD-071A-49AB-8F23-A6AA4503DC5D}.Release|x64.Build.0 = Release|Any CPU
		{1E2E42AD-071A-49AB-8F23-A6AA4503DC5D}.Release|x86.ActiveCfg = Release|Any CPU
		{1E2E42AD-071A-49AB-8F23-A6AA4503DC5D}.Release|x86.Build.0 = Release|Any CPU
		{F8327A03-9EFF-466C-A1FF-2ABF5C5EEB4B}.Debug|Any CPU.ActiveCfg = Debug|Any CPU
		{F8327A03-9EFF-466C-A1FF-2ABF5C5EEB4B}.Debug|Any CPU.Build.0 = Debug|Any CPU
		{F8327A03-9EFF-466C-A1FF-2ABF5C5EEB4B}.Debug|x64.ActiveCfg = Debug|Any CPU
		{F8327A03-9EFF-466C-A1FF-2ABF5C5EEB4B}.Debug|x64.Build.0 = Debug|Any CPU
		{F8327A03-9EFF-466C-A1FF-2ABF5C5EEB4B}.Debug|x86.ActiveCfg = Debug|Any CPU
		{F8327A03-9EFF-466C-A1FF-2ABF5C5EEB4B}.Debug|x86.Build.0 = Debug|Any CPU
		{F8327A03-9EFF-466C-A1FF-2ABF5C5EEB4B}.Release|Any CPU.ActiveCfg = Release|Any CPU
		{F8327A03-9EFF-466C-A1FF-2ABF5C5EEB4B}.Release|Any CPU.Build.0 = Release|Any CPU
		{F8327A03-9EFF-466C-A1FF-2ABF5C5EEB4B}.Release|x64.ActiveCfg = Release|Any CPU
		{F8327A03-9EFF-466C-A1FF-2ABF5C5EEB4B}.Release|x64.Build.0 = Release|Any CPU
		{F8327A03-9EFF-466C-A1FF-2ABF5C5EEB4B}.Release|x86.ActiveCfg = Release|Any CPU
		{F8327A03-9EFF-466C-A1FF-2ABF5C5EEB4B}.Release|x86.Build.0 = Release|Any CPU
	EndGlobalSection
	GlobalSection(SolutionProperties) = preSolution
		HideSolutionNode = FALSE
	EndGlobalSection
	GlobalSection(NestedProjects) = preSolution
		{1E2E42AD-071A-49AB-8F23-A6AA4503DC5D} = {827E0CD3-B72D-47B6-A68D-7590B98EB39B}
		{F8327A03-9EFF-466C-A1FF-2ABF5C5EEB4B} = {827E0CD3-B72D-47B6-A68D-7590B98EB39B}
	EndGlobalSection
EndGlobal
